// !$*UTF8*$!
{
	archiveVersion = 1;
	classes = {
	};
	objectVersion = 55;
	objects = {

/* Begin PBXBuildFile section */
		C133493628A101170080DD1B /* TagDetailMealCollectionViewCell.swift in Sources */ = {isa = PBXBuildFile; fileRef = C133493528A101170080DD1B /* TagDetailMealCollectionViewCell.swift */; };
		C1428B45289BD89200D03496 /* Constants.swift in Sources */ = {isa = PBXBuildFile; fileRef = C1428B44289BD89200D03496 /* Constants.swift */; };
		C167F723289A8D7F00753740 /* SearchViewModel.swift in Sources */ = {isa = PBXBuildFile; fileRef = C167F722289A8D7F00753740 /* SearchViewModel.swift */; };
		C167F725289AACDC00753740 /* extensionUIColor.swift in Sources */ = {isa = PBXBuildFile; fileRef = C167F724289AACDC00753740 /* extensionUIColor.swift */; };
		C1795BEF2897F3EC004EC6EE /* SearchViewController.swift in Sources */ = {isa = PBXBuildFile; fileRef = C1795BEE2897F3EC004EC6EE /* SearchViewController.swift */; };
		C1795BF12898489C004EC6EE /* SearchCollectionViewCell.swift in Sources */ = {isa = PBXBuildFile; fileRef = C1795BF02898489C004EC6EE /* SearchCollectionViewCell.swift */; };
		C18C9F292898F22F00540043 /* HomeViewModel.swift in Sources */ = {isa = PBXBuildFile; fileRef = C18C9F282898F22F00540043 /* HomeViewModel.swift */; };
		C18C9F2B289938C200540043 /* extensionUIDevice.swift in Sources */ = {isa = PBXBuildFile; fileRef = C18C9F2A289938C200540043 /* extensionUIDevice.swift */; };
		C1B060712896BFDD00621E84 /* Meals.swift in Sources */ = {isa = PBXBuildFile; fileRef = C1B0606D2896BFDC00621E84 /* Meals.swift */; };
		C1B060722896BFDD00621E84 /* Categories.swift in Sources */ = {isa = PBXBuildFile; fileRef = C1B0606E2896BFDC00621E84 /* Categories.swift */; };
		C1B060732896BFDD00621E84 /* Protocols.swift in Sources */ = {isa = PBXBuildFile; fileRef = C1B0606F2896BFDC00621E84 /* Protocols.swift */; };
		C1B060742896BFDD00621E84 /* Meal.swift in Sources */ = {isa = PBXBuildFile; fileRef = C1B060702896BFDD00621E84 /* Meal.swift */; };
		C1B060782896CDEA00621E84 /* Category.swift in Sources */ = {isa = PBXBuildFile; fileRef = C1B060772896CDEA00621E84 /* Category.swift */; };
		C1B0607D2896E0B600621E84 /* CategoryCollectionViewCell.swift in Sources */ = {isa = PBXBuildFile; fileRef = C1B0607C2896E0B600621E84 /* CategoryCollectionViewCell.swift */; };
		C1B060B12896EAE300621E84 /* MealCollectionViewCell.swift in Sources */ = {isa = PBXBuildFile; fileRef = C1B060B02896EAE300621E84 /* MealCollectionViewCell.swift */; };
		C1D3EF6B289D116500D3B46E /* MealDetailsViewController.swift in Sources */ = {isa = PBXBuildFile; fileRef = C1D3EF6A289D116500D3B46E /* MealDetailsViewController.swift */; };
		C1D3EF6E289D3E4600D3B46E /* Detail.swift in Sources */ = {isa = PBXBuildFile; fileRef = C1D3EF6D289D3E4600D3B46E /* Detail.swift */; };
		C1D3EF70289D3E5300D3B46E /* Details.swift in Sources */ = {isa = PBXBuildFile; fileRef = C1D3EF6F289D3E5300D3B46E /* Details.swift */; };
		C1D3EF72289D40B100D3B46E /* MealDetailViewModel.swift in Sources */ = {isa = PBXBuildFile; fileRef = C1D3EF71289D40B100D3B46E /* MealDetailViewModel.swift */; };
		C1EFEFB228954EBF00CB0A58 /* AppDelegate.swift in Sources */ = {isa = PBXBuildFile; fileRef = C1EFEFB128954EBF00CB0A58 /* AppDelegate.swift */; };
		C1EFEFB428954EBF00CB0A58 /* SceneDelegate.swift in Sources */ = {isa = PBXBuildFile; fileRef = C1EFEFB328954EBF00CB0A58 /* SceneDelegate.swift */; };
		C1EFEFB628954EBF00CB0A58 /* HomeViewController.swift in Sources */ = {isa = PBXBuildFile; fileRef = C1EFEFB528954EBF00CB0A58 /* HomeViewController.swift */; };
		C1EFEFB928954EBF00CB0A58 /* Main.storyboard in Resources */ = {isa = PBXBuildFile; fileRef = C1EFEFB728954EBF00CB0A58 /* Main.storyboard */; };
		C1EFEFBB28954EBF00CB0A58 /* Assets.xcassets in Resources */ = {isa = PBXBuildFile; fileRef = C1EFEFBA28954EBF00CB0A58 /* Assets.xcassets */; };
		C1EFEFBE28954EBF00CB0A58 /* LaunchScreen.storyboard in Resources */ = {isa = PBXBuildFile; fileRef = C1EFEFBC28954EBF00CB0A58 /* LaunchScreen.storyboard */; };
		C1EFEFC72895849800CB0A58 /* Alamofire in Frameworks */ = {isa = PBXBuildFile; productRef = C1EFEFC62895849800CB0A58 /* Alamofire */; };
		C1EFEFCA289584CF00CB0A58 /* Kingfisher in Frameworks */ = {isa = PBXBuildFile; productRef = C1EFEFC9289584CF00CB0A58 /* Kingfisher */; };
/* End PBXBuildFile section */

/* Begin PBXFileReference section */
		C133493528A101170080DD1B /* TagDetailMealCollectionViewCell.swift */ = {isa = PBXFileReference; lastKnownFileType = sourcecode.swift; path = TagDetailMealCollectionViewCell.swift; sourceTree = "<group>"; };
		C1428B44289BD89200D03496 /* Constants.swift */ = {isa = PBXFileReference; lastKnownFileType = sourcecode.swift; path = Constants.swift; sourceTree = "<group>"; };
		C167F722289A8D7F00753740 /* SearchViewModel.swift */ = {isa = PBXFileReference; lastKnownFileType = sourcecode.swift; path = SearchViewModel.swift; sourceTree = "<group>"; };
		C167F724289AACDC00753740 /* extensionUIColor.swift */ = {isa = PBXFileReference; lastKnownFileType = sourcecode.swift; path = extensionUIColor.swift; sourceTree = "<group>"; };
		C1795BEE2897F3EC004EC6EE /* SearchViewController.swift */ = {isa = PBXFileReference; lastKnownFileType = sourcecode.swift; path = SearchViewController.swift; sourceTree = "<group>"; };
		C1795BF02898489C004EC6EE /* SearchCollectionViewCell.swift */ = {isa = PBXFileReference; lastKnownFileType = sourcecode.swift; path = SearchCollectionViewCell.swift; sourceTree = "<group>"; };
		C18C9F282898F22F00540043 /* HomeViewModel.swift */ = {isa = PBXFileReference; lastKnownFileType = sourcecode.swift; path = HomeViewModel.swift; sourceTree = "<group>"; };
		C18C9F2A289938C200540043 /* extensionUIDevice.swift */ = {isa = PBXFileReference; lastKnownFileType = sourcecode.swift; path = extensionUIDevice.swift; sourceTree = "<group>"; };
		C1B0606D2896BFDC00621E84 /* Meals.swift */ = {isa = PBXFileReference; fileEncoding = 4; lastKnownFileType = sourcecode.swift; path = Meals.swift; sourceTree = "<group>"; };
		C1B0606E2896BFDC00621E84 /* Categories.swift */ = {isa = PBXFileReference; fileEncoding = 4; lastKnownFileType = sourcecode.swift; path = Categories.swift; sourceTree = "<group>"; };
		C1B0606F2896BFDC00621E84 /* Protocols.swift */ = {isa = PBXFileReference; fileEncoding = 4; lastKnownFileType = sourcecode.swift; path = Protocols.swift; sourceTree = "<group>"; };
		C1B060702896BFDD00621E84 /* Meal.swift */ = {isa = PBXFileReference; fileEncoding = 4; lastKnownFileType = sourcecode.swift; path = Meal.swift; sourceTree = "<group>"; };
		C1B060772896CDEA00621E84 /* Category.swift */ = {isa = PBXFileReference; lastKnownFileType = sourcecode.swift; path = Category.swift; sourceTree = "<group>"; };
		C1B0607C2896E0B600621E84 /* CategoryCollectionViewCell.swift */ = {isa = PBXFileReference; lastKnownFileType = sourcecode.swift; path = CategoryCollectionViewCell.swift; sourceTree = "<group>"; };
		C1B060B02896EAE300621E84 /* MealCollectionViewCell.swift */ = {isa = PBXFileReference; lastKnownFileType = sourcecode.swift; path = MealCollectionViewCell.swift; sourceTree = "<group>"; };
		C1D3EF6A289D116500D3B46E /* MealDetailsViewController.swift */ = {isa = PBXFileReference; lastKnownFileType = sourcecode.swift; path = MealDetailsViewController.swift; sourceTree = "<group>"; };
		C1D3EF6D289D3E4600D3B46E /* Detail.swift */ = {isa = PBXFileReference; lastKnownFileType = sourcecode.swift; path = Detail.swift; sourceTree = "<group>"; };
		C1D3EF6F289D3E5300D3B46E /* Details.swift */ = {isa = PBXFileReference; lastKnownFileType = sourcecode.swift; path = Details.swift; sourceTree = "<group>"; };
		C1D3EF71289D40B100D3B46E /* MealDetailViewModel.swift */ = {isa = PBXFileReference; lastKnownFileType = sourcecode.swift; path = MealDetailViewModel.swift; sourceTree = "<group>"; };
		C1EFEFAE28954EBF00CB0A58 /* HungryWolves.app */ = {isa = PBXFileReference; explicitFileType = wrapper.application; includeInIndex = 0; path = HungryWolves.app; sourceTree = BUILT_PRODUCTS_DIR; };
		C1EFEFB128954EBF00CB0A58 /* AppDelegate.swift */ = {isa = PBXFileReference; lastKnownFileType = sourcecode.swift; path = AppDelegate.swift; sourceTree = "<group>"; };
		C1EFEFB328954EBF00CB0A58 /* SceneDelegate.swift */ = {isa = PBXFileReference; lastKnownFileType = sourcecode.swift; path = SceneDelegate.swift; sourceTree = "<group>"; };
		C1EFEFB528954EBF00CB0A58 /* HomeViewController.swift */ = {isa = PBXFileReference; lastKnownFileType = sourcecode.swift; path = HomeViewController.swift; sourceTree = "<group>"; };
		C1EFEFB828954EBF00CB0A58 /* Base */ = {isa = PBXFileReference; lastKnownFileType = file.storyboard; name = Base; path = Base.lproj/Main.storyboard; sourceTree = "<group>"; };
		C1EFEFBA28954EBF00CB0A58 /* Assets.xcassets */ = {isa = PBXFileReference; lastKnownFileType = folder.assetcatalog; path = Assets.xcassets; sourceTree = "<group>"; };
		C1EFEFBD28954EBF00CB0A58 /* Base */ = {isa = PBXFileReference; lastKnownFileType = file.storyboard; name = Base; path = Base.lproj/LaunchScreen.storyboard; sourceTree = "<group>"; };
		C1EFEFBF28954EBF00CB0A58 /* Info.plist */ = {isa = PBXFileReference; lastKnownFileType = text.plist.xml; path = Info.plist; sourceTree = "<group>"; };
/* End PBXFileReference section */

/* Begin PBXFrameworksBuildPhase section */
		C1EFEFAB28954EBF00CB0A58 /* Frameworks */ = {
			isa = PBXFrameworksBuildPhase;
			buildActionMask = 2147483647;
			files = (
				C1EFEFCA289584CF00CB0A58 /* Kingfisher in Frameworks */,
				C1EFEFC72895849800CB0A58 /* Alamofire in Frameworks */,
			);
			runOnlyForDeploymentPostprocessing = 0;
		};
/* End PBXFrameworksBuildPhase section */

/* Begin PBXGroup section */
		C1795BF2289848A7004EC6EE /* CollectionViewCells */ = {
			isa = PBXGroup;
			children = (
				C1B060B02896EAE300621E84 /* MealCollectionViewCell.swift */,
				C1B0607C2896E0B600621E84 /* CategoryCollectionViewCell.swift */,
				C1795BF02898489C004EC6EE /* SearchCollectionViewCell.swift */,
				C133493528A101170080DD1B /* TagDetailMealCollectionViewCell.swift */,
			);
			path = CollectionViewCells;
			sourceTree = "<group>";
		};
		C1B060792896CFC200621E84 /* Model */ = {
			isa = PBXGroup;
			children = (
				C1B0606F2896BFDC00621E84 /* Protocols.swift */,
				C1B060702896BFDD00621E84 /* Meal.swift */,
				C1B0606D2896BFDC00621E84 /* Meals.swift */,
				C1B060772896CDEA00621E84 /* Category.swift */,
				C1B0606E2896BFDC00621E84 /* Categories.swift */,
				C1D3EF6D289D3E4600D3B46E /* Detail.swift */,
				C1D3EF6F289D3E5300D3B46E /* Details.swift */,
			);
			path = Model;
			sourceTree = "<group>";
		};
		C1B0607A2896CFE100621E84 /* ViewController */ = {
			isa = PBXGroup;
			children = (
				C1EFEFB528954EBF00CB0A58 /* HomeViewController.swift */,
				C1795BEE2897F3EC004EC6EE /* SearchViewController.swift */,
				C1D3EF6A289D116500D3B46E /* MealDetailsViewController.swift */,
			);
			path = ViewController;
			sourceTree = "<group>";
		};
		C1B0607B2896CFEF00621E84 /* ViewModel */ = {
			isa = PBXGroup;
			children = (
				C18C9F282898F22F00540043 /* HomeViewModel.swift */,
				C167F722289A8D7F00753740 /* SearchViewModel.swift */,
				C1D3EF71289D40B100D3B46E /* MealDetailViewModel.swift */,
			);
			name = ViewModel;
			path = ViewController/ViewModel;
			sourceTree = "<group>";
		};
		C1EFEFA528954EBE00CB0A58 = {
			isa = PBXGroup;
			children = (
				C1EFEFB028954EBF00CB0A58 /* HungryWolves */,
				C1EFEFAF28954EBF00CB0A58 /* Products */,
			);
			sourceTree = "<group>";
		};
		C1EFEFAF28954EBF00CB0A58 /* Products */ = {
			isa = PBXGroup;
			children = (
				C1EFEFAE28954EBF00CB0A58 /* HungryWolves.app */,
			);
			name = Products;
			sourceTree = "<group>";
		};
		C1EFEFB028954EBF00CB0A58 /* HungryWolves */ = {
			isa = PBXGroup;
			children = (
				C1EFEFB128954EBF00CB0A58 /* AppDelegate.swift */,
				C1428B44289BD89200D03496 /* Constants.swift */,
				C1EFEFB328954EBF00CB0A58 /* SceneDelegate.swift */,
				C18C9F2A289938C200540043 /* extensionUIDevice.swift */,
				C167F724289AACDC00753740 /* extensionUIColor.swift */,
				C1B060792896CFC200621E84 /* Model */,
				C1B0607A2896CFE100621E84 /* ViewController */,
				C1795BF2289848A7004EC6EE /* CollectionViewCells */,
				C1B0607B2896CFEF00621E84 /* ViewModel */,
				C1EFEFB728954EBF00CB0A58 /* Main.storyboard */,
				C1EFEFBC28954EBF00CB0A58 /* LaunchScreen.storyboard */,
				C1EFEFBA28954EBF00CB0A58 /* Assets.xcassets */,
				C1EFEFBF28954EBF00CB0A58 /* Info.plist */,
			);
			path = HungryWolves;
			sourceTree = "<group>";
		};
/* End PBXGroup section */

/* Begin PBXNativeTarget section */
		C1EFEFAD28954EBF00CB0A58 /* HungryWolves */ = {
			isa = PBXNativeTarget;
			buildConfigurationList = C1EFEFC228954EBF00CB0A58 /* Build configuration list for PBXNativeTarget "HungryWolves" */;
			buildPhases = (
				C1EFEFAA28954EBF00CB0A58 /* Sources */,
				C1EFEFAB28954EBF00CB0A58 /* Frameworks */,
				C1EFEFAC28954EBF00CB0A58 /* Resources */,
			);
			buildRules = (
			);
			dependencies = (
			);
			name = HungryWolves;
			packageProductDependencies = (
				C1EFEFC62895849800CB0A58 /* Alamofire */,
				C1EFEFC9289584CF00CB0A58 /* Kingfisher */,
			);
			productName = HungryWolves;
			productReference = C1EFEFAE28954EBF00CB0A58 /* HungryWolves.app */;
			productType = "com.apple.product-type.application";
		};
/* End PBXNativeTarget section */

/* Begin PBXProject section */
		C1EFEFA628954EBE00CB0A58 /* Project object */ = {
			isa = PBXProject;
			attributes = {
				BuildIndependentTargetsInParallel = 1;
				LastSwiftUpdateCheck = 1340;
				LastUpgradeCheck = 1340;
				TargetAttributes = {
					C1EFEFAD28954EBF00CB0A58 = {
						CreatedOnToolsVersion = 13.4.1;
					};
				};
			};
			buildConfigurationList = C1EFEFA928954EBE00CB0A58 /* Build configuration list for PBXProject "HungryWolves" */;
			compatibilityVersion = "Xcode 13.0";
			developmentRegion = en;
			hasScannedForEncodings = 0;
			knownRegions = (
				en,
				Base,
			);
			mainGroup = C1EFEFA528954EBE00CB0A58;
			packageReferences = (
				C1EFEFC52895849800CB0A58 /* XCRemoteSwiftPackageReference "Alamofire" */,
				C1EFEFC8289584CF00CB0A58 /* XCRemoteSwiftPackageReference "Kingfisher" */,
			);
			productRefGroup = C1EFEFAF28954EBF00CB0A58 /* Products */;
			projectDirPath = "";
			projectRoot = "";
			targets = (
				C1EFEFAD28954EBF00CB0A58 /* HungryWolves */,
			);
		};
/* End PBXProject section */

/* Begin PBXResourcesBuildPhase section */
		C1EFEFAC28954EBF00CB0A58 /* Resources */ = {
			isa = PBXResourcesBuildPhase;
			buildActionMask = 2147483647;
			files = (
				C1EFEFBE28954EBF00CB0A58 /* LaunchScreen.storyboard in Resources */,
				C1EFEFBB28954EBF00CB0A58 /* Assets.xcassets in Resources */,
				C1EFEFB928954EBF00CB0A58 /* Main.storyboard in Resources */,
			);
			runOnlyForDeploymentPostprocessing = 0;
		};
/* End PBXResourcesBuildPhase section */

/* Begin PBXSourcesBuildPhase section */
		C1EFEFAA28954EBF00CB0A58 /* Sources */ = {
			isa = PBXSourcesBuildPhase;
			buildActionMask = 2147483647;
			files = (
				C1B060712896BFDD00621E84 /* Meals.swift in Sources */,
				C1428B45289BD89200D03496 /* Constants.swift in Sources */,
				C1D3EF6B289D116500D3B46E /* MealDetailsViewController.swift in Sources */,
				C18C9F2B289938C200540043 /* extensionUIDevice.swift in Sources */,
				C1D3EF6E289D3E4600D3B46E /* Detail.swift in Sources */,
				C1795BEF2897F3EC004EC6EE /* SearchViewController.swift in Sources */,
				C1D3EF70289D3E5300D3B46E /* Details.swift in Sources */,
				C1795BF12898489C004EC6EE /* SearchCollectionViewCell.swift in Sources */,
				C1EFEFB628954EBF00CB0A58 /* HomeViewController.swift in Sources */,
				C1B060742896BFDD00621E84 /* Meal.swift in Sources */,
				C167F723289A8D7F00753740 /* SearchViewModel.swift in Sources */,
				C1B060722896BFDD00621E84 /* Categories.swift in Sources */,
				C1EFEFB228954EBF00CB0A58 /* AppDelegate.swift in Sources */,
				C1B060B12896EAE300621E84 /* MealCollectionViewCell.swift in Sources */,
				C18C9F292898F22F00540043 /* HomeViewModel.swift in Sources */,
				C1B060782896CDEA00621E84 /* Category.swift in Sources */,
				C1D3EF72289D40B100D3B46E /* MealDetailViewModel.swift in Sources */,
				C167F725289AACDC00753740 /* extensionUIColor.swift in Sources */,
				C1B0607D2896E0B600621E84 /* CategoryCollectionViewCell.swift in Sources */,
				C133493628A101170080DD1B /* TagDetailMealCollectionViewCell.swift in Sources */,
				C1B060732896BFDD00621E84 /* Protocols.swift in Sources */,
				C1EFEFB428954EBF00CB0A58 /* SceneDelegate.swift in Sources */,
			);
			runOnlyForDeploymentPostprocessing = 0;
		};
/* End PBXSourcesBuildPhase section */

/* Begin PBXVariantGroup section */
		C1EFEFB728954EBF00CB0A58 /* Main.storyboard */ = {
			isa = PBXVariantGroup;
			children = (
				C1EFEFB828954EBF00CB0A58 /* Base */,
			);
			name = Main.storyboard;
			sourceTree = "<group>";
		};
		C1EFEFBC28954EBF00CB0A58 /* LaunchScreen.storyboard */ = {
			isa = PBXVariantGroup;
			children = (
				C1EFEFBD28954EBF00CB0A58 /* Base */,
			);
			name = LaunchScreen.storyboard;
			sourceTree = "<group>";
		};
/* End PBXVariantGroup section */

/* Begin XCBuildConfiguration section */
		C1EFEFC028954EBF00CB0A58 /* Debug */ = {
			isa = XCBuildConfiguration;
			buildSettings = {
				ALWAYS_SEARCH_USER_PATHS = NO;
				CLANG_ANALYZER_NONNULL = YES;
				CLANG_ANALYZER_NUMBER_OBJECT_CONVERSION = YES_AGGRESSIVE;
				CLANG_CXX_LANGUAGE_STANDARD = "gnu++17";
				CLANG_ENABLE_MODULES = YES;
				CLANG_ENABLE_OBJC_ARC = YES;
				CLANG_ENABLE_OBJC_WEAK = YES;
				CLANG_WARN_BLOCK_CAPTURE_AUTORELEASING = YES;
				CLANG_WARN_BOOL_CONVERSION = YES;
				CLANG_WARN_COMMA = YES;
				CLANG_WARN_CONSTANT_CONVERSION = YES;
				CLANG_WARN_DEPRECATED_OBJC_IMPLEMENTATIONS = YES;
				CLANG_WARN_DIRECT_OBJC_ISA_USAGE = YES_ERROR;
				CLANG_WARN_DOCUMENTATION_COMMENTS = YES;
				CLANG_WARN_EMPTY_BODY = YES;
				CLANG_WARN_ENUM_CONVERSION = YES;
				CLANG_WARN_INFINITE_RECURSION = YES;
				CLANG_WARN_INT_CONVERSION = YES;
				CLANG_WARN_NON_LITERAL_NULL_CONVERSION = YES;
				CLANG_WARN_OBJC_IMPLICIT_RETAIN_SELF = YES;
				CLANG_WARN_OBJC_LITERAL_CONVERSION = YES;
				CLANG_WARN_OBJC_ROOT_CLASS = YES_ERROR;
				CLANG_WARN_QUOTED_INCLUDE_IN_FRAMEWORK_HEADER = YES;
				CLANG_WARN_RANGE_LOOP_ANALYSIS = YES;
				CLANG_WARN_STRICT_PROTOTYPES = YES;
				CLANG_WARN_SUSPICIOUS_MOVE = YES;
				CLANG_WARN_UNGUARDED_AVAILABILITY = YES_AGGRESSIVE;
				CLANG_WARN_UNREACHABLE_CODE = YES;
				CLANG_WARN__DUPLICATE_METHOD_MATCH = YES;
				COPY_PHASE_STRIP = NO;
				DEBUG_INFORMATION_FORMAT = dwarf;
				ENABLE_STRICT_OBJC_MSGSEND = YES;
				ENABLE_TESTABILITY = YES;
				GCC_C_LANGUAGE_STANDARD = gnu11;
				GCC_DYNAMIC_NO_PIC = NO;
				GCC_NO_COMMON_BLOCKS = YES;
				GCC_OPTIMIZATION_LEVEL = 0;
				GCC_PREPROCESSOR_DEFINITIONS = (
					"DEBUG=1",
					"$(inherited)",
				);
				GCC_WARN_64_TO_32_BIT_CONVERSION = YES;
				GCC_WARN_ABOUT_RETURN_TYPE = YES_ERROR;
				GCC_WARN_UNDECLARED_SELECTOR = YES;
				GCC_WARN_UNINITIALIZED_AUTOS = YES_AGGRESSIVE;
				GCC_WARN_UNUSED_FUNCTION = YES;
				GCC_WARN_UNUSED_VARIABLE = YES;
				IPHONEOS_DEPLOYMENT_TARGET = 15.5;
				MTL_ENABLE_DEBUG_INFO = INCLUDE_SOURCE;
				MTL_FAST_MATH = YES;
				ONLY_ACTIVE_ARCH = YES;
				SDKROOT = iphoneos;
				SWIFT_ACTIVE_COMPILATION_CONDITIONS = DEBUG;
				SWIFT_OPTIMIZATION_LEVEL = "-Onone";
			};
			name = Debug;
		};
		C1EFEFC128954EBF00CB0A58 /* Release */ = {
			isa = XCBuildConfiguration;
			buildSettings = {
				ALWAYS_SEARCH_USER_PATHS = NO;
				CLANG_ANALYZER_NONNULL = YES;
				CLANG_ANALYZER_NUMBER_OBJECT_CONVERSION = YES_AGGRESSIVE;
				CLANG_CXX_LANGUAGE_STANDARD = "gnu++17";
				CLANG_ENABLE_MODULES = YES;
				CLANG_ENABLE_OBJC_ARC = YES;
				CLANG_ENABLE_OBJC_WEAK = YES;
				CLANG_WARN_BLOCK_CAPTURE_AUTORELEASING = YES;
				CLANG_WARN_BOOL_CONVERSION = YES;
				CLANG_WARN_COMMA = YES;
				CLANG_WARN_CONSTANT_CONVERSION = YES;
				CLANG_WARN_DEPRECATED_OBJC_IMPLEMENTATIONS = YES;
				CLANG_WARN_DIRECT_OBJC_ISA_USAGE = YES_ERROR;
				CLANG_WARN_DOCUMENTATION_COMMENTS = YES;
				CLANG_WARN_EMPTY_BODY = YES;
				CLANG_WARN_ENUM_CONVERSION = YES;
				CLANG_WARN_INFINITE_RECURSION = YES;
				CLANG_WARN_INT_CONVERSION = YES;
				CLANG_WARN_NON_LITERAL_NULL_CONVERSION = YES;
				CLANG_WARN_OBJC_IMPLICIT_RETAIN_SELF = YES;
				CLANG_WARN_OBJC_LITERAL_CONVERSION = YES;
				CLANG_WARN_OBJC_ROOT_CLASS = YES_ERROR;
				CLANG_WARN_QUOTED_INCLUDE_IN_FRAMEWORK_HEADER = YES;
				CLANG_WARN_RANGE_LOOP_ANALYSIS = YES;
				CLANG_WARN_STRICT_PROTOTYPES = YES;
				CLANG_WARN_SUSPICIOUS_MOVE = YES;
				CLANG_WARN_UNGUARDED_AVAILABILITY = YES_AGGRESSIVE;
				CLANG_WARN_UNREACHABLE_CODE = YES;
				CLANG_WARN__DUPLICATE_METHOD_MATCH = YES;
				COPY_PHASE_STRIP = NO;
				DEBUG_INFORMATION_FORMAT = "dwarf-with-dsym";
				ENABLE_NS_ASSERTIONS = NO;
				ENABLE_STRICT_OBJC_MSGSEND = YES;
				GCC_C_LANGUAGE_STANDARD = gnu11;
				GCC_NO_COMMON_BLOCKS = YES;
				GCC_WARN_64_TO_32_BIT_CONVERSION = YES;
				GCC_WARN_ABOUT_RETURN_TYPE = YES_ERROR;
				GCC_WARN_UNDECLARED_SELECTOR = YES;
				GCC_WARN_UNINITIALIZED_AUTOS = YES_AGGRESSIVE;
				GCC_WARN_UNUSED_FUNCTION = YES;
				GCC_WARN_UNUSED_VARIABLE = YES;
				IPHONEOS_DEPLOYMENT_TARGET = 15.5;
				MTL_ENABLE_DEBUG_INFO = NO;
				MTL_FAST_MATH = YES;
				SDKROOT = iphoneos;
				SWIFT_COMPILATION_MODE = wholemodule;
				SWIFT_OPTIMIZATION_LEVEL = "-O";
				VALIDATE_PRODUCT = YES;
			};
			name = Release;
		};
		C1EFEFC328954EBF00CB0A58 /* Debug */ = {
			isa = XCBuildConfiguration;
			buildSettings = {
				ASSETCATALOG_COMPILER_APPICON_NAME = AppIcon;
				ASSETCATALOG_COMPILER_GLOBAL_ACCENT_COLOR_NAME = AccentColor;
				CODE_SIGN_STYLE = Automatic;
				CURRENT_PROJECT_VERSION = 1;
				DEVELOPMENT_TEAM = USKV4N6S6Y;
				GENERATE_INFOPLIST_FILE = YES;
				INFOPLIST_FILE = HungryWolves/Info.plist;
				INFOPLIST_KEY_UIApplicationSupportsIndirectInputEvents = YES;
				INFOPLIST_KEY_UILaunchStoryboardName = LaunchScreen;
				INFOPLIST_KEY_UIMainStoryboardFile = Main;
				INFOPLIST_KEY_UISupportedInterfaceOrientations_iPad = "UIInterfaceOrientationPortrait UIInterfaceOrientationPortraitUpsideDown UIInterfaceOrientationLandscapeLeft UIInterfaceOrientationLandscapeRight";
				INFOPLIST_KEY_UISupportedInterfaceOrientations_iPhone = "UIInterfaceOrientationPortrait UIInterfaceOrientationLandscapeLeft UIInterfaceOrientationLandscapeRight";
				LD_RUNPATH_SEARCH_PATHS = (
					"$(inherited)",
					"@executable_path/Frameworks",
				);
				MARKETING_VERSION = 1.0;
				PRODUCT_BUNDLE_IDENTIFIER = Lupi.HungryWolves;
				PRODUCT_NAME = "$(TARGET_NAME)";
				SWIFT_EMIT_LOC_STRINGS = YES;
				SWIFT_VERSION = 5.0;
				TARGETED_DEVICE_FAMILY = "1,2";
			};
			name = Debug;
		};
		C1EFEFC428954EBF00CB0A58 /* Release */ = {
			isa = XCBuildConfiguration;
			buildSettings = {
				ASSETCATALOG_COMPILER_APPICON_NAME = AppIcon;
				ASSETCATALOG_COMPILER_GLOBAL_ACCENT_COLOR_NAME = AccentColor;
				CODE_SIGN_STYLE = Automatic;
				CURRENT_PROJECT_VERSION = 1;
				DEVELOPMENT_TEAM = USKV4N6S6Y;
				GENERATE_INFOPLIST_FILE = YES;
				INFOPLIST_FILE = HungryWolves/Info.plist;
				INFOPLIST_KEY_UIApplicationSupportsIndirectInputEvents = YES;
				INFOPLIST_KEY_UILaunchStoryboardName = LaunchScreen;
				INFOPLIST_KEY_UIMainStoryboardFile = Main;
				INFOPLIST_KEY_UISupportedInterfaceOrientations_iPad = "UIInterfaceOrientationPortrait UIInterfaceOrientationPortraitUpsideDown UIInterfaceOrientationLandscapeLeft UIInterfaceOrientationLandscapeRight";
				INFOPLIST_KEY_UISupportedInterfaceOrientations_iPhone = "UIInterfaceOrientationPortrait UIInterfaceOrientationLandscapeLeft UIInterfaceOrientationLandscapeRight";
				LD_RUNPATH_SEARCH_PATHS = (
					"$(inherited)",
					"@executable_path/Frameworks",
				);
				MARKETING_VERSION = 1.0;
				PRODUCT_BUNDLE_IDENTIFIER = Lupi.HungryWolves;
				PRODUCT_NAME = "$(TARGET_NAME)";
				SWIFT_EMIT_LOC_STRINGS = YES;
				SWIFT_VERSION = 5.0;
				TARGETED_DEVICE_FAMILY = "1,2";
			};
			name = Release;
		};
/* End XCBuildConfiguration section */

/* Begin XCConfigurationList section */
		C1EFEFA928954EBE00CB0A58 /* Build configuration list for PBXProject "HungryWolves" */ = {
			isa = XCConfigurationList;
			buildConfigurations = (
				C1EFEFC028954EBF00CB0A58 /* Debug */,
				C1EFEFC128954EBF00CB0A58 /* Release */,
			);
			defaultConfigurationIsVisible = 0;
			defaultConfigurationName = Release;
		};
		C1EFEFC228954EBF00CB0A58 /* Build configuration list for PBXNativeTarget "HungryWolves" */ = {
			isa = XCConfigurationList;
			buildConfigurations = (
				C1EFEFC328954EBF00CB0A58 /* Debug */,
				C1EFEFC428954EBF00CB0A58 /* Release */,
			);
			defaultConfigurationIsVisible = 0;
			defaultConfigurationName = Release;
		};
/* End XCConfigurationList section */

/* Begin XCRemoteSwiftPackageReference section */
		C1EFEFC52895849800CB0A58 /* XCRemoteSwiftPackageReference "Alamofire" */ = {
			isa = XCRemoteSwiftPackageReference;
			repositoryURL = "https://github.com/Alamofire/Alamofire";
			requirement = {
				branch = master;
				kind = branch;
			};
		};
		C1EFEFC8289584CF00CB0A58 /* XCRemoteSwiftPackageReference "Kingfisher" */ = {
			isa = XCRemoteSwiftPackageReference;
			repositoryURL = "https://github.com/onevcat/Kingfisher.git";
			requirement = {
				branch = master;
				kind = branch;
			};
		};
/* End XCRemoteSwiftPackageReference section */

/* Begin XCSwiftPackageProductDependency section */
		C1EFEFC62895849800CB0A58 /* Alamofire */ = {
			isa = XCSwiftPackageProductDependency;
			package = C1EFEFC52895849800CB0A58 /* XCRemoteSwiftPackageReference "Alamofire" */;
			productName = Alamofire;
		};
		C1EFEFC9289584CF00CB0A58 /* Kingfisher */ = {
			isa = XCSwiftPackageProductDependency;
			package = C1EFEFC8289584CF00CB0A58 /* XCRemoteSwiftPackageReference "Kingfisher" */;
			productName = Kingfisher;
		};
/* End XCSwiftPackageProductDependency section */
	};
	rootObject = C1EFEFA628954EBE00CB0A58 /* Project object */;
}
